
Microsoft Visual Studio Solution File, Format Version 12.00
# Visual Studio Version 17
VisualStudioVersion = 17.2.32505.173
MinimumVisualStudioVersion = 10.0.40219.1
Project("{FAE04EC0-301F-11D3-BF4B-00C04F79EFBC}") = "SynGitHub", "SynGitHub\SynGitHub.csproj", "{203F88A9-B923-484D-843D-DAABD52AA20B}"
EndProject
Global
	GlobalSection(SolutionConfigurationPlatforms) = preSolution
		Debug|Any CPU = Debug|Any CPU
		Release|Any CPU = Release|Any CPU
	EndGlobalSection
	GlobalSection(ProjectConfigurationPlatforms) = postSolution
		{203F88A9-B923-484D-843D-DAABD52AA20B}.Debug|Any CPU.ActiveCfg = Debug|Any CPU
		{203F88A9-B923-484D-843D-DAABD52AA20B}.Debug|Any CPU.Build.0 = Debug|Any CPU
		{203F88A9-B923-484D-843D-DAABD52AA20B}.Release|Any CPU.ActiveCfg = Release|Any CPU
		{203F88A9-B923-484D-843D-DAABD52AA20B}.Release|Any CPU.Build.0 = Release|Any CPU
	EndGlobalSection
	GlobalSection(SolutionProperties) = preSolution
		HideSolutionNode = FALSE
	EndGlobalSection
	GlobalSection(ExtensibilityGlobals) = postSolution
		SolutionGuid = {BACD4385-F64D-4798-92A4-75DAE24DF3A6}
	EndGlobalSection
EndGlobal
